// !$*UTF8*$!
{
	archiveVersion = 1;
	classes = {
	};
	objectVersion = 46;
	objects = {

/* Begin PBXBuildFile section */
		C90A5AF61EEA86A500EA5358 /* AppDelegate.swift in Sources */ = {isa = PBXBuildFile; fileRef = C90A5AF51EEA86A500EA5358 /* AppDelegate.swift */; };
		C90A5AF81EEA86A500EA5358 /* ViewController.swift in Sources */ = {isa = PBXBuildFile; fileRef = C90A5AF71EEA86A500EA5358 /* ViewController.swift */; };
		C90A5AFB1EEA86A500EA5358 /* Main.storyboard in Resources */ = {isa = PBXBuildFile; fileRef = C90A5AF91EEA86A500EA5358 /* Main.storyboard */; };
		C90A5AFD1EEA86A500EA5358 /* Assets.xcassets in Resources */ = {isa = PBXBuildFile; fileRef = C90A5AFC1EEA86A500EA5358 /* Assets.xcassets */; };
		C90A5B001EEA86A500EA5358 /* LaunchScreen.storyboard in Resources */ = {isa = PBXBuildFile; fileRef = C90A5AFE1EEA86A500EA5358 /* LaunchScreen.storyboard */; };
/* End PBXBuildFile section */

/* Begin PBXFileReference section */
		C90A5AF21EEA86A500EA5358 /* VeDayDenLed.app */ = {isa = PBXFileReference; explicitFileType = wrapper.application; includeInIndex = 0; path = VeDayDenLed.app; sourceTree = BUILT_PRODUCTS_DIR; };
		C90A5AF51EEA86A500EA5358 /* AppDelegate.swift */ = {isa = PBXFileReference; lastKnownFileType = sourcecode.swift; path = AppDelegate.swift; sourceTree = "<group>"; };
		C90A5AF71EEA86A500EA5358 /* ViewController.swift */ = {isa = PBXFileReference; lastKnownFileType = sourcecode.swift; path = ViewController.swift; sourceTree = "<group>"; };
		C90A5AFA1EEA86A500EA5358 /* Base */ = {isa = PBXFileReference; lastKnownFileType = file.storyboard; name = Base; path = Base.lproj/Main.storyboard; sourceTree = "<group>"; };
		C90A5AFC1EEA86A500EA5358 /* Assets.xcassets */ = {isa = PBXFileReference; lastKnownFileType = folder.assetcatalog; path = Assets.xcassets; sourceTree = "<group>"; };
		C90A5AFF1EEA86A500EA5358 /* Base */ = {isa = PBXFileReference; lastKnownFileType = file.storyboard; name = Base; path = Base.lproj/LaunchScreen.storyboard; sourceTree = "<group>"; };
		C90A5B011EEA86A500EA5358 /* Info.plist */ = {isa = PBXFileReference; lastKnownFileType = text.plist.xml; path = Info.plist; sourceTree = "<group>"; };
/* End PBXFileReference section */

/* Begin PBXFrameworksBuildPhase section */
		C90A5AEF1EEA86A500EA5358 /* Frameworks */ = {
			isa = PBXFrameworksBuildPhase;
			buildActionMask = 2147483647;
			files = (
			);
			runOnlyForDeploymentPostprocessing = 0;
		};
/* End PBXFrameworksBuildPhase section */

/* Begin PBXGroup section */
		C90A5AE91EEA86A500EA5358 = {
			isa = PBXGroup;
			children = (
				C90A5AF41EEA86A500EA5358 /* VeDayDenLed */,
				C90A5AF31EEA86A500EA5358 /* Products */,
			);
			sourceTree = "<group>";
		};
		C90A5AF31EEA86A500EA5358 /* Products */ = {
			isa = PBXGroup;
			children = (
				C90A5AF21EEA86A500EA5358 /* VeDayDenLed.app */,
			);
			name = Products;
			sourceTree = "<group>";
		};
		C90A5AF41EEA86A500EA5358 /* VeDayDenLed */ = {
			isa = PBXGroup;
			children = (
				C90A5AF51EEA86A500EA5358 /* AppDelegate.swift */,
				C90A5AF71EEA86A500EA5358 /* ViewController.swift */,
				C90A5AF91EEA86A500EA5358 /* Main.storyboard */,
				C90A5AFC1EEA86A500EA5358 /* Assets.xcassets */,
				C90A5AFE1EEA86A500EA5358 /* LaunchScreen.storyboard */,
				C90A5B011EEA86A500EA5358 /* Info.plist */,
			);
			path = VeDayDenLed;
			sourceTree = "<group>";
		};
/* End PBXGroup section */

/* Begin PBXNativeTarget section */
		C90A5AF11EEA86A500EA5358 /* VeDayDenLed */ = {
			isa = PBXNativeTarget;
			buildConfigurationList = C90A5B041EEA86A500EA5358 /* Build configuration list for PBXNativeTarget "VeDayDenLed" */;
			buildPhases = (
				C90A5AEE1EEA86A500EA5358 /* Sources */,
				C90A5AEF1EEA86A500EA5358 /* Frameworks */,
				C90A5AF01EEA86A500EA5358 /* Resources */,
			);
			buildRules = (
			);
			dependencies = (
			);
			name = VeDayDenLed;
			productName = VeDayDenLed;
			productReference = C90A5AF21EEA86A500EA5358 /* VeDayDenLed.app */;
			productType = "com.apple.product-type.application";
		};
/* End PBXNativeTarget section */

/* Begin PBXProject section */
		C90A5AEA1EEA86A500EA5358 /* Project object */ = {
			isa = PBXProject;
			attributes = {
				LastSwiftUpdateCheck = 0830;
				LastUpgradeCheck = 0830;
				ORGANIZATIONNAME = hungtran;
				TargetAttributes = {
					C90A5AF11EEA86A500EA5358 = {
						CreatedOnToolsVersion = 8.3.2;
						ProvisioningStyle = Automatic;
					};
				};
			};
			buildConfigurationList = C90A5AED1EEA86A500EA5358 /* Build configuration list for PBXProject "VeDayDenLed" */;
			compatibilityVersion = "Xcode 3.2";
			developmentRegion = English;
			hasScannedForEncodings = 0;
			knownRegions = (
				en,
				Base,
			);
			mainGroup = C90A5AE91EEA86A500EA5358;
			productRefGroup = C90A5AF31EEA86A500EA5358 /* Products */;
			projectDirPath = "";
			projectRoot = "";
			targets = (
				C90A5AF11EEA86A500EA5358 /* VeDayDenLed */,
			);
		};
/* End PBXProject section */

/* Begin PBXResourcesBuildPhase section */
		C90A5AF01EEA86A500EA5358 /* Resources */ = {
			isa = PBXResourcesBuildPhase;
			buildActionMask = 2147483647;
			files = (
				C90A5B001EEA86A500EA5358 /* LaunchScreen.storyboard in Resources */,
				C90A5AFD1EEA86A500EA5358 /* Assets.xcassets in Resources */,
				C90A5AFB1EEA86A500EA5358 /* Main.storyboard in Resources */,
			);
			runOnlyForDeploymentPostprocessing = 0;
		};
/* End PBXResourcesBuildPhase section */

/* Begin PBXSourcesBuildPhase section */
		C90A5AEE1EEA86A500EA5358 /* Sources */ = {
			isa = PBXSourcesBuildPhase;
			buildActionMask = 2147483647;
			files = (
				C90A5AF81EEA86A500EA5358 /* ViewController.swift in Sources */,
				C90A5AF61EEA86A500EA5358 /* AppDelegate.swift in Sources */,
			);
			runOnlyForDeploymentPostprocessing = 0;
		};
/* End PBXSourcesBuildPhase section */

/* Begin PBXVariantGroup section */
		C90A5AF91EEA86A500EA5358 /* Main.storyboard */ = {
			isa = PBXVariantGroup;
			children = (
				C90A5AFA1EEA86A500EA5358 /* Base */,
			);
			name = Main.storyboard;
			sourceTree = "<group>";
		};
		C90A5AFE1EEA86A500EA5358 /* LaunchScreen.storyboard */ = {
			isa = PBXVariantGroup;
			children = (
				C90A5AFF1EEA86A500EA5358 /* Base */,
			);
			name = LaunchScreen.storyboard;
			sourceTree = "<group>";
		};
/* End PBXVariantGroup section */

/* Begin XCBuildConfiguration section */
		C90A5B021EEA86A500EA5358 /* Debug */ = {
			isa = XCBuildConfiguration;
			buildSettings = {
				ALWAYS_SEARCH_USER_PATHS = NO;
				CLANG_ANALYZER_NONNULL = YES;
				CLANG_ANALYZER_NUMBER_OBJECT_CONVERSION = YES_AGGRESSIVE;
				CLANG_CXX_LANGUAGE_STANDARD = "gnu++0x";
				CLANG_CXX_LIBRARY = "libc++";
				CLANG_ENABLE_MODULES = YES;
				CLANG_ENABLE_OBJC_ARC = YES;
				CLANG_WARN_BOOL_CONVERSION = YES;
				CLANG_WARN_CONSTANT_CONVERSION = YES;
				CLANG_WARN_DIRECT_OBJC_ISA_USAGE = YES_ERROR;
				CLANG_WARN_DOCUMENTATION_COMMENTS = YES;
				CLANG_WARN_EMPTY_BODY = YES;
				CLANG_WARN_ENUM_CONVERSION = YES;
				CLANG_WARN_INFINITE_RECURSION = YES;
				CLANG_WARN_INT_CONVERSION = YES;
				CLANG_WARN_OBJC_ROOT_CLASS = YES_ERROR;
				CLANG_WARN_SUSPICIOUS_MOVE = YES;
				CLANG_WARN_UNREACHABLE_CODE = YES;
				CLANG_WARN__DUPLICATE_METHOD_MATCH = YES;
				"CODE_SIGN_IDENTITY[sdk=iphoneos*]" = "iPhone Developer";
				COPY_PHASE_STRIP = NO;
				DEBUG_INFORMATION_FORMAT = dwarf;
				ENABLE_STRICT_OBJC_MSGSEND = YES;
				ENABLE_TESTABILITY = YES;
				GCC_C_LANGUAGE_STANDARD = gnu99;
				GCC_DYNAMIC_NO_PIC = NO;
				GCC_NO_COMMON_BLOCKS = YES;
				GCC_OPTIMIZATION_LEVEL = 0;
				GCC_PREPROCESSOR_DEFINITIONS = (
					"DEBUG=1",
					"$(inherited)",
				);
				GCC_WARN_64_TO_32_BIT_CONVERSION = YES;
				GCC_WARN_ABOUT_RETURN_TYPE = YES_ERROR;
				GCC_WARN_UNDECLARED_SELECTOR = YES;
				GCC_WARN_UNINITIALIZED_AUTOS = YES_AGGRESSIVE;
				GCC_WARN_UNUSED_FUNCTION = YES;
				GCC_WARN_UNUSED_VARIABLE = YES;
				IPHONEOS_DEPLOYMENT_TARGET = 10.3;
				MTL_ENABLE_DEBUG_INFO = YES;
				ONLY_ACTIVE_ARCH = YES;
				SDKROOT = iphoneos;
				SWIFT_ACTIVE_COMPILATION_CONDITIONS = DEBUG;
				SWIFT_OPTIMIZATION_LEVEL = "-Onone";
				TARGETED_DEVICE_FAMILY = "1,2";
			};
			name = Debug;
		};
		C90A5B031EEA86A500EA5358 /* Release */ = {
			isa = XCBuildConfiguration;
			buildSettings = {
				ALWAYS_SEARCH_USER_PATHS = NO;
				CLANG_ANALYZER_NONNULL = YES;
				CLANG_ANALYZER_NUMBER_OBJECT_CONVERSION = YES_AGGRESSIVE;
				CLANG_CXX_LANGUAGE_STANDARD = "gnu++0x";
				CLANG_CXX_LIBRARY = "libc++";
				CLANG_ENABLE_MODULES = YES;
				CLANG_ENABLE_OBJC_ARC = YES;
				CLANG_WARN_BOOL_CONVERSION = YES;
				CLANG_WARN_CONSTANT_CONVERSION = YES;
				CLANG_WARN_DIRECT_OBJC_ISA_USAGE = YES_ERROR;
				CLANG_WARN_DOCUMENTATION_COMMENTS = YES;
				CLANG_WARN_EMPTY_BODY = YES;
				CLANG_WARN_ENUM_CONVERSION = YES;
				CLANG_WARN_INFINITE_RECURSION = YES;
				CLANG_WARN_INT_CONVERSION = YES;
				CLANG_WARN_OBJC_ROOT_CLASS = YES_ERROR;
				CLANG_WARN_SUSPICIOUS_MOVE = YES;
				CLANG_WARN_UNREACHABLE_CODE = YES;
				CLANG_WARN__DUPLICATE_METHOD_MATCH = YES;
				"CODE_SIGN_IDENTITY[sdk=iphoneos*]" = "iPhone Developer";
				COPY_PHASE_STRIP = NO;
				DEBUG_INFORMATION_FORMAT = "dwarf-with-dsym";
				ENABLE_NS_ASSERTIONS = NO;
				ENABLE_STRICT_OBJC_MSGSEND = YES;
				GCC_C_LANGUAGE_STANDARD = gnu99;
				GCC_NO_COMMON_BLOCKS = YES;
				GCC_WARN_64_TO_32_BIT_CONVERSION = YES;
				GCC_WARN_ABOUT_RETURN_TYPE = YES_ERROR;
				GCC_WARN_UNDECLARED_SELECTOR = YES;
				GCC_WARN_UNINITIALIZED_AUTOS = YES_AGGRESSIVE;
				GCC_WARN_UNUSED_FUNCTION = YES;
				GCC_WARN_UNUSED_VARIABLE = YES;
				IPHONEOS_DEPLOYMENT_TARGET = 10.3;
				MTL_ENABLE_DEBUG_INFO = NO;
				SDKROOT = iphoneos;
				SWIFT_OPTIMIZATION_LEVEL = "-Owholemodule";
				TARGETED_DEVICE_FAMILY = "1,2";
				VALIDATE_PRODUCT = YES;
			};
			name = Release;
		};
		C90A5B051EEA86A500EA5358 /* Debug */ = {
			isa = XCBuildConfiguration;
			buildSettings = {
				ASSETCATALOG_COMPILER_APPICON_NAME = AppIcon;
				INFOPLIST_FILE = VeDayDenLed/Info.plist;
				LD_RUNPATH_SEARCH_PATHS = "$(inherited) @executable_path/Frameworks";
				PRODUCT_BUNDLE_IDENTIFIER = com.hungtran.VeDayDenLed;
				PRODUCT_NAME = "$(TARGET_NAME)";
				SWIFT_VERSION = 3.0;
			};
			name = Debug;
		};
		C90A5B061EEA86A500EA5358 /* Release */ = {
			isa = XCBuildConfiguration;
			buildSettings = {
				ASSETCATALOG_COMPILER_APPICON_NAME = AppIcon;
				INFOPLIST_FILE = VeDayDenLed/Info.plist;
				LD_RUNPATH_SEARCH_PATHS = "$(inherited) @executable_path/Frameworks";
				PRODUCT_BUNDLE_IDENTIFIER = com.hungtran.VeDayDenLed;
				PRODUCT_NAME = "$(TARGET_NAME)";
				SWIFT_VERSION = 3.0;
			};
			name = Release;
		};
/* End XCBuildConfiguration section */

/* Begin XCConfigurationList section */
		C90A5AED1EEA86A500EA5358 /* Build configuration list for PBXProject "VeDayDenLed" */ = {
			isa = XCConfigurationList;
			buildConfigurations = (
				C90A5B021EEA86A500EA5358 /* Debug */,
				C90A5B031EEA86A500EA5358 /* Release */,
			);
			defaultConfigurationIsVisible = 0;
			defaultConfigurationName = Release;
		};
		C90A5B041EEA86A500EA5358 /* Build configuration list for PBXNativeTarget "VeDayDenLed" */ = {
			isa = XCConfigurationList;
			buildConfigurations = (
				C90A5B051EEA86A500EA5358 /* Debug */,
				C90A5B061EEA86A500EA5358 /* Release */,
			);
			defaultConfigurationIsVisible = 0;
		};
/* End XCConfigurationList section */
	};
	rootObject = C90A5AEA1EEA86A500EA5358 /* Project object */;
}
